<?xml version="1.0" encoding="utf-8"?>
<Project ToolsVersion="4.0" xmlns="http://schemas.microsoft.com/developer/msbuild/2003">
  <ItemGroup>
    <Filter Include="源文件">
      <UniqueIdentifier>{4FC737F1-C7A5-4376-A066-2A32D752A2FF}</UniqueIdentifier>
      <Extensions>cpp;c;cc;cxx;def;odl;idl;hpj;bat;asm;asmx</Extensions>
    </Filter>
    <Filter Include="头文件">
      <UniqueIdentifier>{93995380-89BD-4b04-88EB-625FBE52EBFB}</UniqueIdentifier>
      <Extensions>h;hpp;hxx;hm;inl;inc;xsd</Extensions>
    </Filter>
    <Filter Include="资源文件">
      <UniqueIdentifier>{67DA6AB6-F800-4c08-8B7A-83BB121AAD01}</UniqueIdentifier>
      <Extensions>rc;ico;cur;bmp;dlg;rc2;rct;bin;rgs;gif;jpg;jpeg;jpe;resx;tiff;tif;png;wav;mfcribbon-ms</Extensions>
    </Filter>
    <Filter Include="头文件\libxl">
      <UniqueIdentifier>{4ce2443c-8c10-4c57-ab79-26cac52abfec}</UniqueIdentifier>
    </Filter>
  </ItemGroup>
  <ItemGroup>
    <ClCompile Include="main.cpp">
      <Filter>源文件</Filter>
    </ClCompile>
    <ClCompile Include="BasicExcel.cpp">
      <Filter>源文件</Filter>
    </ClCompile>
    <ClCompile Include="ExcelFormat.cpp">
      <Filter>源文件</Filter>
    </ClCompile>
    <ClCompile Include="protomaker.cpp">
      <Filter>源文件</Filter>
    </ClCompile>
  </ItemGroup>
  <ItemGroup>
    <ClInclude Include="BasicExcel.hpp">
      <Filter>头文件</Filter>
    </ClInclude>
    <ClInclude Include="ExcelFormat.h">
      <Filter>头文件</Filter>
    </ClInclude>
    <ClInclude Include="protomaker.h">
      <Filter>头文件</Filter>
    </ClInclude>
    <ClInclude Include="include_cpp\enum.h">
      <Filter>头文件\libxl</Filter>
    </ClInclude>
    <ClInclude Include="include_cpp\IBookT.h">
      <Filter>头文件\libxl</Filter>
    </ClInclude>
    <ClInclude Include="include_cpp\IFontT.h">
      <Filter>头文件\libxl</Filter>
    </ClInclude>
    <ClInclude Include="include_cpp\IFormatT.h">
      <Filter>头文件\libxl</Filter>
    </ClInclude>
    <ClInclude Include="include_cpp\ISheetT.h">
      <Filter>头文件\libxl</Filter>
    </ClInclude>
    <ClInclude Include="include_cpp\libxl.h">
      <Filter>头文件\libxl</Filter>
    </ClInclude>
    <ClInclude Include="include_cpp\setup.h">
      <Filter>头文件\libxl</Filter>
    </ClInclude>
  </ItemGroup>
</Project>